// !$*UTF8*$!
{
	archiveVersion = 1;
	classes = {
	};
	objectVersion = 48;
	objects = {

/* Begin PBXBuildFile section */
		9A2C24B9202F516400AD245A /* SideMenuViewController.swift in Sources */ = {isa = PBXBuildFile; fileRef = 9A2C24B8202F516400AD245A /* SideMenuViewController.swift */; };
		9A2C24BB202F524700AD245A /* SegueMenuViewController.swift in Sources */ = {isa = PBXBuildFile; fileRef = 9A2C24BA202F524700AD245A /* SegueMenuViewController.swift */; };
		9A6B50F1200B57C1000DA689 /* AppDelegate.swift in Sources */ = {isa = PBXBuildFile; fileRef = 9A6B50F0200B57C1000DA689 /* AppDelegate.swift */; };
		9A6B50F3200B57C1000DA689 /* ViewController.swift in Sources */ = {isa = PBXBuildFile; fileRef = 9A6B50F2200B57C1000DA689 /* ViewController.swift */; };
		9A6B50F6200B57C1000DA689 /* Main.storyboard in Resources */ = {isa = PBXBuildFile; fileRef = 9A6B50F4200B57C1000DA689 /* Main.storyboard */; };
		9A6B50F8200B57C1000DA689 /* Assets.xcassets in Resources */ = {isa = PBXBuildFile; fileRef = 9A6B50F7200B57C1000DA689 /* Assets.xcassets */; };
		9A6B50FB200B57C1000DA689 /* LaunchScreen.storyboard in Resources */ = {isa = PBXBuildFile; fileRef = 9A6B50F9200B57C1000DA689 /* LaunchScreen.storyboard */; };
		9A6CE4C120305C5200EB6923 /* Sender.swift in Sources */ = {isa = PBXBuildFile; fileRef = 9A6CE4C020305C5200EB6923 /* Sender.swift */; };
		9A6CE4C32030602D00EB6923 /* Reciever.swift in Sources */ = {isa = PBXBuildFile; fileRef = 9A6CE4C22030602D00EB6923 /* Reciever.swift */; };
		9A776E8F200CC92A009E96D8 /* MyOperations.swift in Sources */ = {isa = PBXBuildFile; fileRef = 9A776E8E200CC92A009E96D8 /* MyOperations.swift */; };
		9A93FC0B20308554001D47C5 /* MySideBarShadowView.swift in Sources */ = {isa = PBXBuildFile; fileRef = 9A93FC0A20308554001D47C5 /* MySideBarShadowView.swift */; };
		9AAD1E68200C213F00E555C9 /* CustomButton.swift in Sources */ = {isa = PBXBuildFile; fileRef = 9AAD1E67200C213F00E555C9 /* CustomButton.swift */; };
		9AAD1E6A200C3E2900E555C9 /* MyView.swift in Sources */ = {isa = PBXBuildFile; fileRef = 9AAD1E69200C3E2900E555C9 /* MyView.swift */; };
/* End PBXBuildFile section */

/* Begin PBXFileReference section */
		9A2C24B8202F516400AD245A /* SideMenuViewController.swift */ = {isa = PBXFileReference; lastKnownFileType = sourcecode.swift; path = SideMenuViewController.swift; sourceTree = "<group>"; };
		9A2C24BA202F524700AD245A /* SegueMenuViewController.swift */ = {isa = PBXFileReference; lastKnownFileType = sourcecode.swift; path = SegueMenuViewController.swift; sourceTree = "<group>"; };
		9A6B50ED200B57C1000DA689 /* NagizCalculator.app */ = {isa = PBXFileReference; explicitFileType = wrapper.application; includeInIndex = 0; path = NagizCalculator.app; sourceTree = BUILT_PRODUCTS_DIR; };
		9A6B50F0200B57C1000DA689 /* AppDelegate.swift */ = {isa = PBXFileReference; lastKnownFileType = sourcecode.swift; path = AppDelegate.swift; sourceTree = "<group>"; };
		9A6B50F2200B57C1000DA689 /* ViewController.swift */ = {isa = PBXFileReference; lastKnownFileType = sourcecode.swift; path = ViewController.swift; sourceTree = "<group>"; };
		9A6B50F5200B57C1000DA689 /* Base */ = {isa = PBXFileReference; lastKnownFileType = file.storyboard; name = Base; path = Base.lproj/Main.storyboard; sourceTree = "<group>"; };
		9A6B50F7200B57C1000DA689 /* Assets.xcassets */ = {isa = PBXFileReference; lastKnownFileType = folder.assetcatalog; path = Assets.xcassets; sourceTree = "<group>"; };
		9A6B50FA200B57C1000DA689 /* Base */ = {isa = PBXFileReference; lastKnownFileType = file.storyboard; name = Base; path = Base.lproj/LaunchScreen.storyboard; sourceTree = "<group>"; };
		9A6B50FC200B57C1000DA689 /* Info.plist */ = {isa = PBXFileReference; lastKnownFileType = text.plist.xml; path = Info.plist; sourceTree = "<group>"; };
		9A6CE4C020305C5200EB6923 /* Sender.swift */ = {isa = PBXFileReference; lastKnownFileType = sourcecode.swift; path = Sender.swift; sourceTree = "<group>"; };
		9A6CE4C22030602D00EB6923 /* Reciever.swift */ = {isa = PBXFileReference; lastKnownFileType = sourcecode.swift; path = Reciever.swift; sourceTree = "<group>"; };
		9A776E8E200CC92A009E96D8 /* MyOperations.swift */ = {isa = PBXFileReference; lastKnownFileType = sourcecode.swift; path = MyOperations.swift; sourceTree = "<group>"; };
		9A93FC0A20308554001D47C5 /* MySideBarShadowView.swift */ = {isa = PBXFileReference; lastKnownFileType = sourcecode.swift; path = MySideBarShadowView.swift; sourceTree = "<group>"; };
		9AAD1E67200C213F00E555C9 /* CustomButton.swift */ = {isa = PBXFileReference; lastKnownFileType = sourcecode.swift; path = CustomButton.swift; sourceTree = "<group>"; };
		9AAD1E69200C3E2900E555C9 /* MyView.swift */ = {isa = PBXFileReference; lastKnownFileType = sourcecode.swift; path = MyView.swift; sourceTree = "<group>"; };
/* End PBXFileReference section */

/* Begin PBXFrameworksBuildPhase section */
		9A6B50EA200B57C1000DA689 /* Frameworks */ = {
			isa = PBXFrameworksBuildPhase;
			buildActionMask = 2147483647;
			files = (
			);
			runOnlyForDeploymentPostprocessing = 0;
		};
/* End PBXFrameworksBuildPhase section */

/* Begin PBXGroup section */
		9A6B50E4200B57C1000DA689 = {
			isa = PBXGroup;
			children = (
				9A6B50EF200B57C1000DA689 /* NagizCalculator */,
				9A6B50EE200B57C1000DA689 /* Products */,
			);
			sourceTree = "<group>";
		};
		9A6B50EE200B57C1000DA689 /* Products */ = {
			isa = PBXGroup;
			children = (
				9A6B50ED200B57C1000DA689 /* NagizCalculator.app */,
			);
			name = Products;
			sourceTree = "<group>";
		};
		9A6B50EF200B57C1000DA689 /* NagizCalculator */ = {
			isa = PBXGroup;
			children = (
				9A6B50F4200B57C1000DA689 /* Main.storyboard */,
				9A6B50F0200B57C1000DA689 /* AppDelegate.swift */,
				9A6CE4C22030602D00EB6923 /* Reciever.swift */,
				9A6CE4C020305C5200EB6923 /* Sender.swift */,
				9A6B50F7200B57C1000DA689 /* Assets.xcassets */,
				9A6B50F9200B57C1000DA689 /* LaunchScreen.storyboard */,
				9A6B50FC200B57C1000DA689 /* Info.plist */,
				9AAD1E67200C213F00E555C9 /* CustomButton.swift */,
				9AAD1E69200C3E2900E555C9 /* MyView.swift */,
				9A93FC0A20308554001D47C5 /* MySideBarShadowView.swift */,
				9A2C24B8202F516400AD245A /* SideMenuViewController.swift */,
				9A2C24BA202F524700AD245A /* SegueMenuViewController.swift */,
				9A6B50F2200B57C1000DA689 /* ViewController.swift */,
				9A776E8E200CC92A009E96D8 /* MyOperations.swift */,
			);
			path = NagizCalculator;
			sourceTree = "<group>";
		};
/* End PBXGroup section */

/* Begin PBXNativeTarget section */
		9A6B50EC200B57C1000DA689 /* NagizCalculator */ = {
			isa = PBXNativeTarget;
			buildConfigurationList = 9A6B50FF200B57C1000DA689 /* Build configuration list for PBXNativeTarget "NagizCalculator" */;
			buildPhases = (
				9A6B50E9200B57C1000DA689 /* Sources */,
				9A6B50EA200B57C1000DA689 /* Frameworks */,
				9A6B50EB200B57C1000DA689 /* Resources */,
			);
			buildRules = (
			);
			dependencies = (
			);
			name = NagizCalculator;
			productName = NagizCalculator;
			productReference = 9A6B50ED200B57C1000DA689 /* NagizCalculator.app */;
			productType = "com.apple.product-type.application";
		};
/* End PBXNativeTarget section */

/* Begin PBXProject section */
		9A6B50E5200B57C1000DA689 /* Project object */ = {
			isa = PBXProject;
			attributes = {
				LastSwiftUpdateCheck = 0910;
				LastUpgradeCheck = 0910;
				ORGANIZATIONNAME = Nagiz;
				TargetAttributes = {
					9A6B50EC200B57C1000DA689 = {
						CreatedOnToolsVersion = 9.1;
						ProvisioningStyle = Automatic;
					};
				};
			};
			buildConfigurationList = 9A6B50E8200B57C1000DA689 /* Build configuration list for PBXProject "NagizCalculator" */;
			compatibilityVersion = "Xcode 8.0";
			developmentRegion = en;
			hasScannedForEncodings = 0;
			knownRegions = (
				en,
				Base,
			);
			mainGroup = 9A6B50E4200B57C1000DA689;
			productRefGroup = 9A6B50EE200B57C1000DA689 /* Products */;
			projectDirPath = "";
			projectRoot = "";
			targets = (
				9A6B50EC200B57C1000DA689 /* NagizCalculator */,
			);
		};
/* End PBXProject section */

/* Begin PBXResourcesBuildPhase section */
		9A6B50EB200B57C1000DA689 /* Resources */ = {
			isa = PBXResourcesBuildPhase;
			buildActionMask = 2147483647;
			files = (
				9A6B50FB200B57C1000DA689 /* LaunchScreen.storyboard in Resources */,
				9A6B50F8200B57C1000DA689 /* Assets.xcassets in Resources */,
				9A6B50F6200B57C1000DA689 /* Main.storyboard in Resources */,
			);
			runOnlyForDeploymentPostprocessing = 0;
		};
/* End PBXResourcesBuildPhase section */

/* Begin PBXSourcesBuildPhase section */
		9A6B50E9200B57C1000DA689 /* Sources */ = {
			isa = PBXSourcesBuildPhase;
			buildActionMask = 2147483647;
			files = (
				9A6CE4C120305C5200EB6923 /* Sender.swift in Sources */,
				9A93FC0B20308554001D47C5 /* MySideBarShadowView.swift in Sources */,
				9AAD1E6A200C3E2900E555C9 /* MyView.swift in Sources */,
				9A2C24BB202F524700AD245A /* SegueMenuViewController.swift in Sources */,
				9A6CE4C32030602D00EB6923 /* Reciever.swift in Sources */,
				9A6B50F3200B57C1000DA689 /* ViewController.swift in Sources */,
				9A6B50F1200B57C1000DA689 /* AppDelegate.swift in Sources */,
				9AAD1E68200C213F00E555C9 /* CustomButton.swift in Sources */,
				9A2C24B9202F516400AD245A /* SideMenuViewController.swift in Sources */,
				9A776E8F200CC92A009E96D8 /* MyOperations.swift in Sources */,
			);
			runOnlyForDeploymentPostprocessing = 0;
		};
/* End PBXSourcesBuildPhase section */

/* Begin PBXVariantGroup section */
		9A6B50F4200B57C1000DA689 /* Main.storyboard */ = {
			isa = PBXVariantGroup;
			children = (
				9A6B50F5200B57C1000DA689 /* Base */,
			);
			name = Main.storyboard;
			sourceTree = "<group>";
		};
		9A6B50F9200B57C1000DA689 /* LaunchScreen.storyboard */ = {
			isa = PBXVariantGroup;
			children = (
				9A6B50FA200B57C1000DA689 /* Base */,
			);
			name = LaunchScreen.storyboard;
			sourceTree = "<group>";
		};
/* End PBXVariantGroup section */

/* Begin XCBuildConfiguration section */
		9A6B50FD200B57C1000DA689 /* Debug */ = {
			isa = XCBuildConfiguration;
			buildSettings = {
				ALWAYS_SEARCH_USER_PATHS = NO;
				CLANG_ANALYZER_NONNULL = YES;
				CLANG_ANALYZER_NUMBER_OBJECT_CONVERSION = YES_AGGRESSIVE;
				CLANG_CXX_LANGUAGE_STANDARD = "gnu++14";
				CLANG_CXX_LIBRARY = "libc++";
				CLANG_ENABLE_MODULES = YES;
				CLANG_ENABLE_OBJC_ARC = YES;
				CLANG_WARN_BLOCK_CAPTURE_AUTORELEASING = YES;
				CLANG_WARN_BOOL_CONVERSION = YES;
				CLANG_WARN_COMMA = YES;
				CLANG_WARN_CONSTANT_CONVERSION = YES;
				CLANG_WARN_DIRECT_OBJC_ISA_USAGE = YES_ERROR;
				CLANG_WARN_DOCUMENTATION_COMMENTS = YES;
				CLANG_WARN_EMPTY_BODY = YES;
				CLANG_WARN_ENUM_CONVERSION = YES;
				CLANG_WARN_INFINITE_RECURSION = YES;
				CLANG_WARN_INT_CONVERSION = YES;
				CLANG_WARN_NON_LITERAL_NULL_CONVERSION = YES;
				CLANG_WARN_OBJC_LITERAL_CONVERSION = YES;
				CLANG_WARN_OBJC_ROOT_CLASS = YES_ERROR;
				CLANG_WARN_RANGE_LOOP_ANALYSIS = YES;
				CLANG_WARN_STRICT_PROTOTYPES = YES;
				CLANG_WARN_SUSPICIOUS_MOVE = YES;
				CLANG_WARN_UNGUARDED_AVAILABILITY = YES_AGGRESSIVE;
				CLANG_WARN_UNREACHABLE_CODE = YES;
				CLANG_WARN__DUPLICATE_METHOD_MATCH = YES;
				CODE_SIGN_IDENTITY = "iPhone Developer";
				COPY_PHASE_STRIP = NO;
				DEBUG_INFORMATION_FORMAT = dwarf;
				ENABLE_STRICT_OBJC_MSGSEND = YES;
				ENABLE_TESTABILITY = YES;
				GCC_C_LANGUAGE_STANDARD = gnu11;
				GCC_DYNAMIC_NO_PIC = NO;
				GCC_NO_COMMON_BLOCKS = YES;
				GCC_OPTIMIZATION_LEVEL = 0;
				GCC_PREPROCESSOR_DEFINITIONS = (
					"DEBUG=1",
					"$(inherited)",
				);
				GCC_WARN_64_TO_32_BIT_CONVERSION = YES;
				GCC_WARN_ABOUT_RETURN_TYPE = YES_ERROR;
				GCC_WARN_UNDECLARED_SELECTOR = YES;
				GCC_WARN_UNINITIALIZED_AUTOS = YES_AGGRESSIVE;
				GCC_WARN_UNUSED_FUNCTION = YES;
				GCC_WARN_UNUSED_VARIABLE = YES;
				IPHONEOS_DEPLOYMENT_TARGET = 11.1;
				MTL_ENABLE_DEBUG_INFO = YES;
				ONLY_ACTIVE_ARCH = YES;
				SDKROOT = iphoneos;
				SWIFT_ACTIVE_COMPILATION_CONDITIONS = DEBUG;
				SWIFT_OPTIMIZATION_LEVEL = "-Onone";
			};
			name = Debug;
		};
		9A6B50FE200B57C1000DA689 /* Release */ = {
			isa = XCBuildConfiguration;
			buildSettings = {
				ALWAYS_SEARCH_USER_PATHS = NO;
				CLANG_ANALYZER_NONNULL = YES;
				CLANG_ANALYZER_NUMBER_OBJECT_CONVERSION = YES_AGGRESSIVE;
				CLANG_CXX_LANGUAGE_STANDARD = "gnu++14";
				CLANG_CXX_LIBRARY = "libc++";
				CLANG_ENABLE_MODULES = YES;
				CLANG_ENABLE_OBJC_ARC = YES;
				CLANG_WARN_BLOCK_CAPTURE_AUTORELEASING = YES;
				CLANG_WARN_BOOL_CONVERSION = YES;
				CLANG_WARN_COMMA = YES;
				CLANG_WARN_CONSTANT_CONVERSION = YES;
				CLANG_WARN_DIRECT_OBJC_ISA_USAGE = YES_ERROR;
				CLANG_WARN_DOCUMENTATION_COMMENTS = YES;
				CLANG_WARN_EMPTY_BODY = YES;
				CLANG_WARN_ENUM_CONVERSION = YES;
				CLANG_WARN_INFINITE_RECURSION = YES;
				CLANG_WARN_INT_CONVERSION = YES;
				CLANG_WARN_NON_LITERAL_NULL_CONVERSION = YES;
				CLANG_WARN_OBJC_LITERAL_CONVERSION = YES;
				CLANG_WARN_OBJC_ROOT_CLASS = YES_ERROR;
				CLANG_WARN_RANGE_LOOP_ANALYSIS = YES;
				CLANG_WARN_STRICT_PROTOTYPES = YES;
				CLANG_WARN_SUSPICIOUS_MOVE = YES;
				CLANG_WARN_UNGUARDED_AVAILABILITY = YES_AGGRESSIVE;
				CLANG_WARN_UNREACHABLE_CODE = YES;
				CLANG_WARN__DUPLICATE_METHOD_MATCH = YES;
				CODE_SIGN_IDENTITY = "iPhone Developer";
				COPY_PHASE_STRIP = NO;
				DEBUG_INFORMATION_FORMAT = "dwarf-with-dsym";
				ENABLE_NS_ASSERTIONS = NO;
				ENABLE_STRICT_OBJC_MSGSEND = YES;
				GCC_C_LANGUAGE_STANDARD = gnu11;
				GCC_NO_COMMON_BLOCKS = YES;
				GCC_WARN_64_TO_32_BIT_CONVERSION = YES;
				GCC_WARN_ABOUT_RETURN_TYPE = YES_ERROR;
				GCC_WARN_UNDECLARED_SELECTOR = YES;
				GCC_WARN_UNINITIALIZED_AUTOS = YES_AGGRESSIVE;
				GCC_WARN_UNUSED_FUNCTION = YES;
				GCC_WARN_UNUSED_VARIABLE = YES;
				IPHONEOS_DEPLOYMENT_TARGET = 11.1;
				MTL_ENABLE_DEBUG_INFO = NO;
				SDKROOT = iphoneos;
				SWIFT_OPTIMIZATION_LEVEL = "-Owholemodule";
				VALIDATE_PRODUCT = YES;
			};
			name = Release;
		};
		9A6B5100200B57C1000DA689 /* Debug */ = {
			isa = XCBuildConfiguration;
			buildSettings = {
				ASSETCATALOG_COMPILER_APPICON_NAME = AppIcon;
				CODE_SIGN_STYLE = Automatic;
				INFOPLIST_FILE = NagizCalculator/Info.plist;
				IPHONEOS_DEPLOYMENT_TARGET = 10.0;
				LD_RUNPATH_SEARCH_PATHS = "$(inherited) @executable_path/Frameworks";
				PRODUCT_BUNDLE_IDENTIFIER = com.Nagiz.NagizCalculator;
				PRODUCT_NAME = "$(TARGET_NAME)";
				SWIFT_VERSION = 4.0;
				TARGETED_DEVICE_FAMILY = "1,2";
			};
			name = Debug;
		};
		9A6B5101200B57C1000DA689 /* Release */ = {
			isa = XCBuildConfiguration;
			buildSettings = {
				ASSETCATALOG_COMPILER_APPICON_NAME = AppIcon;
				CODE_SIGN_STYLE = Automatic;
				INFOPLIST_FILE = NagizCalculator/Info.plist;
				IPHONEOS_DEPLOYMENT_TARGET = 10.0;
				LD_RUNPATH_SEARCH_PATHS = "$(inherited) @executable_path/Frameworks";
				PRODUCT_BUNDLE_IDENTIFIER = com.Nagiz.NagizCalculator;
				PRODUCT_NAME = "$(TARGET_NAME)";
				SWIFT_VERSION = 4.0;
				TARGETED_DEVICE_FAMILY = "1,2";
			};
			name = Release;
		};
/* End XCBuildConfiguration section */

/* Begin XCConfigurationList section */
		9A6B50E8200B57C1000DA689 /* Build configuration list for PBXProject "NagizCalculator" */ = {
			isa = XCConfigurationList;
			buildConfigurations = (
				9A6B50FD200B57C1000DA689 /* Debug */,
				9A6B50FE200B57C1000DA689 /* Release */,
			);
			defaultConfigurationIsVisible = 0;
			defaultConfigurationName = Release;
		};
		9A6B50FF200B57C1000DA689 /* Build configuration list for PBXNativeTarget "NagizCalculator" */ = {
			isa = XCConfigurationList;
			buildConfigurations = (
				9A6B5100200B57C1000DA689 /* Debug */,
				9A6B5101200B57C1000DA689 /* Release */,
			);
			defaultConfigurationIsVisible = 0;
			defaultConfigurationName = Release;
		};
/* End XCConfigurationList section */
	};
	rootObject = 9A6B50E5200B57C1000DA689 /* Project object */;
}
